
Microsoft Visual Studio Solution File, Format Version 12.00
# Visual Studio Version 17
VisualStudioVersion = 17.5.002.0
MinimumVisualStudioVersion = 10.0.40219.1
Project("{9A19103F-16F7-4668-BE54-9A1E7A4F7556}") = "DotnetKafka.Consumer", "DotnetKafka.Consumer\DotnetKafka.Consumer.csproj", "{19758DA8-6BD6-40AA-B360-7353964848DE}"
EndProject
Project("{9A19103F-16F7-4668-BE54-9A1E7A4F7556}") = "DotnetKafka.Producer", "DotnetKafka.Producer\DotnetKafka.Producer.csproj", "{3720642F-5197-497C-84AA-B5293E1CB1DD}"
EndProject
Global
	GlobalSection(SolutionConfigurationPlatforms) = preSolution
		Debug|Any CPU = Debug|Any CPU
		Release|Any CPU = Release|Any CPU
	EndGlobalSection
	GlobalSection(ProjectConfigurationPlatforms) = postSolution
		{19758DA8-6BD6-40AA-B360-7353964848DE}.Debug|Any CPU.ActiveCfg = Debug|Any CPU
		{19758DA8-6BD6-40AA-B360-7353964848DE}.Debug|Any CPU.Build.0 = Debug|Any CPU
		{19758DA8-6BD6-40AA-B360-7353964848DE}.Release|Any CPU.ActiveCfg = Release|Any CPU
		{19758DA8-6BD6-40AA-B360-7353964848DE}.Release|Any CPU.Build.0 = Release|Any CPU
		{3720642F-5197-497C-84AA-B5293E1CB1DD}.Debug|Any CPU.ActiveCfg = Debug|Any CPU
		{3720642F-5197-497C-84AA-B5293E1CB1DD}.Debug|Any CPU.Build.0 = Debug|Any CPU
		{3720642F-5197-497C-84AA-B5293E1CB1DD}.Release|Any CPU.ActiveCfg = Release|Any CPU
		{3720642F-5197-497C-84AA-B5293E1CB1DD}.Release|Any CPU.Build.0 = Release|Any CPU
	EndGlobalSection
	GlobalSection(SolutionProperties) = preSolution
		HideSolutionNode = FALSE
	EndGlobalSection
	GlobalSection(ExtensibilityGlobals) = postSolution
		SolutionGuid = {4D6AF6FD-3F22-49DC-A1AD-3F983119D2F7}
	EndGlobalSection
EndGlobal
